
Microsoft Visual Studio Solution File, Format Version 11.00
# Visual Studio 2010
Project("{FAE04EC0-301F-11D3-BF4B-00C04F79EFBC}") = "WpfTest", "WpfTest\WpfTest.csproj", "{5e6c094c-9ab1-4e24-997f-d8909156feb9}"
EndProject
Global
	GlobalSection(SolutionConfigurationPlatforms) = preSolution
		Debug|Any CPU = Debug|Any CPU
		Release|Any CPU = Release|Any CPU
	EndGlobalSection
	GlobalSection(ProjectConfigurationPlatforms) = postSolution
		{5E6C094C-9AB1-4E24-997F-D8909156FEB9}.Debug|Any CPU.ActiveCfg = Debug|Any CPU
		{5E6C094C-9AB1-4E24-997F-D8909156FEB9}.Debug|Any CPU.Build.0 = Debug|Any CPU
		{5E6C094C-9AB1-4E24-997F-D8909156FEB9}.Release|Any CPU.ActiveCfg = Release|Any CPU
		{5E6C094C-9AB1-4E24-997F-D8909156FEB9}.Release|Any CPU.Build.0 = Release|Any CPU
	EndGlobalSection
EndGlobal
